
Microsoft Visual Studio Solution File, Format Version 12.00
# Visual Studio Version 17
VisualStudioVersion = 17.7.34031.279
MinimumVisualStudioVersion = 10.0.40219.1
Project("{FAE04EC0-301F-11D3-BF4B-00C04F79EFBC}") = "Chess", "Chess\Chess.csproj", "{70A7F0D4-A977-4F98-8E0D-6865410B3C14}"
EndProject
Global
	GlobalSection(SolutionConfigurationPlatforms) = preSolution
		Debug|Any CPU = Debug|Any CPU
		Release|Any CPU = Release|Any CPU
	EndGlobalSection
	GlobalSection(ProjectConfigurationPlatforms) = postSolution
		{70A7F0D4-A977-4F98-8E0D-6865410B3C14}.Debug|Any CPU.ActiveCfg = Debug|Any CPU
		{70A7F0D4-A977-4F98-8E0D-6865410B3C14}.Debug|Any CPU.Build.0 = Debug|Any CPU
		{70A7F0D4-A977-4F98-8E0D-6865410B3C14}.Release|Any CPU.ActiveCfg = Release|Any CPU
		{70A7F0D4-A977-4F98-8E0D-6865410B3C14}.Release|Any CPU.Build.0 = Release|Any CPU
	EndGlobalSection
	GlobalSection(SolutionProperties) = preSolution
		HideSolutionNode = FALSE
	EndGlobalSection
	GlobalSection(ExtensibilityGlobals) = postSolution
		SolutionGuid = {CC9871F3-F7C0-4858-9050-FC87D46DAA0F}
	EndGlobalSection
EndGlobal
